codeberg.org/miekg/dns v0.6.65 h1:a925lDuqKzqC2YZWizNTwXGzKhX5DdKjbURMf0mMY4w=
codeberg.org/miekg/dns v0.6.65/go.mod h1:58Y3ZTg6Z5ZEm/ZAAwHehbZfrD4u5mE4RByHoPEMyKk=
github.com/google/goterm v0.0.0-20200907032337-555d40f16ae2 h1:CVuJwN34x4xM2aT4sIKhmeib40NeBPhRihNjQmpJsA4=
github.com/google/goterm v0.0.0-20200907032337-555d40f16ae2/go.mod h1:nOFQdrUlIlx6M6ODdSpBj1NVA+VgLC6kmw60mkw34H4=
golang.org/x/crypto v0.52.0 h1:RMs7fP2rXdep0CftQlK8Uf+kibLm7qkCcradZWYz988=
golang.org/x/crypto v0.52.0/go.mod h1:1QgfPxDqh0T2M/elOJtp9RvuR95kVjir0e6/BvEmGbc=
golang.org/x/net v0.54.0 h1:2zJIZAxAHV/OHCDTCOHAYehQzLfSXuf/5SoL/Dv6w/w=
golang.org/x/net v0.54.0/go.mod h1:Sj4oj8jK6XmHpBZU/zWHw3BV3abl4Kvi+Ut7cQcY+cQ=
golang.org/x/sys v0.45.0 h1:dO4czNzziLiiXplLQgBCEpCvXQ3dnkn0SdaZSYdQ+FY=
golang.org/x/sys v0.45.0/go.mod h1:4GL1E5IUh+htKOUEOaiffhrAeqysfVGipDYzABqnCmw=
golang.org/x/term v0.43.0 h1:S4RLU2sB31O/NCl+zFN9Aru9A/Cq2aqKpTZJ6B+DwT4=
golang.org/x/term v0.43.0/go.mod h1:lrhlHNdQJHO+1qVYiHfFKVuVioJIheAc3fBSMFYEIsk=
